# This file is autogenerated, do not edit; changes may be undone by the next 'dep ensure'.


[[projects]]
  name = "cloud.google.com/go"
  packages = [
    "compute/metadata",
    "internal/tracecontext",
    "internal/version",
    "logging",
    "logging/apiv2",
    "logging/internal",
    "trace"
  ]
  revision = "2d3a6656c17a60b0815b7e06ab0be04eacb6e613"
  version = "v0.16.0"

[[projects]]
  branch = "master"
  name = "github.com/bradfitz/gomemcache"
  packages = ["memcache"]
  revision = "1952afaa557dc08e8e0d89eafab110fb501c1a2b"

[[projects]]
  name = "github.com/davecgh/go-spew"
  packages = ["spew"]
  revision = "346938d642f2ec3594ed81d874461961cd0faa76"
  version = "v1.1.0"

[[projects]]
  name = "github.com/fsnotify/fsnotify"
  packages = ["."]
  revision = "4da3e2cfbabc9f751898f250b49f2439785783a1"

[[projects]]
  name = "github.com/garyburd/redigo"
  packages = [
    "internal",
    "redis"
  ]
  revision = "70e1b1943d4fc9c56791abaa6f4d1e727b9ab925"

[[projects]]
  name = "github.com/go-stack/stack"
  packages = ["."]
  revision = "817915b46b97fd7bb80e8ab6b69f01a53ac3eebf"
  version = "v1.6.0"

[[projects]]
  name = "github.com/golang/lint"
  packages = ["."]
  revision = "e5d664eb928e9d79eea4a648ca451da7208d5789"

[[projects]]
  name = "github.com/golang/protobuf"
  packages = [
    "proto",
    "protoc-gen-go/descriptor",
    "ptypes",
    "ptypes/any",
    "ptypes/duration",
    "ptypes/empty",
    "ptypes/struct",
    "ptypes/timestamp"
  ]
  revision = "130e6b02ab059e7b717a096f397c5b60111cae74"

[[projects]]
  branch = "master"
  name = "github.com/golang/snappy"
  packages = ["."]
  revision = "553a641470496b2327abcac10b36396bd98e45c9"

[[projects]]
  name = "github.com/google/go-cmp"
  packages = [
    "cmp",
    "cmp/internal/diff",
    "cmp/internal/function",
    "cmp/internal/value"
  ]
  revision = "98232909528519e571b2e69fbe546b6ef35f5780"

[[projects]]
  name = "github.com/googleapis/gax-go"
  packages = ["."]
  revision = "317e0006254c44a0ac427cc52a0e083ff0b9622f"
  version = "v2.0.0"

[[projects]]
  name = "github.com/gregjones/httpcache"
  packages = [
    ".",
    "memcache"
  ]
  revision = "316c5e0ff04e0ce21cfae9fbbb2ab39c7fc74e71"

[[projects]]
  name = "github.com/hashicorp/hcl"
  packages = [
    ".",
    "hcl/ast",
    "hcl/parser",
    "hcl/scanner",
    "hcl/strconv",
    "hcl/token",
    "json/parser",
    "json/scanner",
    "json/token"
  ]
  revision = "68e816d1c783414e79bc65b3994d9ab6b0a722ab"

[[projects]]
  name = "github.com/inconshreveable/log15"
  packages = [
    ".",
    "term"
  ]
  revision = "74a0988b5f804e8ce9ff74fca4f16980776dff29"

[[projects]]
  name = "github.com/magiconair/properties"
  packages = ["."]
  revision = "8d7837e64d3c1ee4e54a880c5a920ab4316fc90a"

[[projects]]
  name = "github.com/mattn/go-colorable"
  packages = ["."]
  revision = "ad5389df28cdac544c99bd7b9161a0b5b6ca9d1b"

[[projects]]
  name = "github.com/mattn/go-isatty"
  packages = ["."]
  revision = "fc9e8d8ef48496124e79ae0df75490096eccf6fe"
  version = "v0.0.2"

[[projects]]
  name = "github.com/mitchellh/mapstructure"
  packages = ["."]
  revision = "d0303fe809921458f417bcf828397a65db30a7e4"

[[projects]]
  name = "github.com/pelletier/go-toml"
  packages = ["."]
  revision = "1d6b12b7cb290426e27e6b4e38b89fcda3aeef03"

[[projects]]
  name = "github.com/spf13/afero"
  packages = [
    ".",
    "mem"
  ]
  revision = "ee1bd8ee15a1306d1f9201acc41ef39cd9f99a1b"

[[projects]]
  name = "github.com/spf13/cast"
  packages = ["."]
  revision = "acbeb36b902d72a7a4c18e8f3241075e7ab763e4"
  version = "v1.1.0"

[[projects]]
  name = "github.com/spf13/jwalterweatherman"
  packages = ["."]
  revision = "12bd96e66386c1960ab0f74ced1362f66f552f7b"

[[projects]]
  name = "github.com/spf13/pflag"
  packages = ["."]
  revision = "7aff26db30c1be810f9de5038ec5ef96ac41fd7c"

[[projects]]
  name = "github.com/spf13/viper"
  packages = ["."]
  revision = "25b30aa063fc18e48662b86996252eabdcf2f0c7"
  version = "v1.0.0"

[[projects]]
  name = "golang.org/x/net"
  packages = [
    "context",
    "context/ctxhttp",
    "http2",
    "http2/hpack",
    "idna",
    "internal/timeseries",
    "lex/httplex",
    "trace"
  ]
  revision = "b60f3a92103dfd93dfcb900ec77c6d0643510868"

[[projects]]
  name = "golang.org/x/oauth2"
  packages = [
    ".",
    "google",
    "internal",
    "jws",
    "jwt"
  ]
  revision = "13449ad91cb26cb47661c1b080790392170385fd"

[[projects]]
  name = "golang.org/x/sync"
  packages = ["semaphore"]
  revision = "f52d1811a62927559de87708c8913c1650ce4f26"

[[projects]]
  name = "golang.org/x/sys"
  packages = ["unix"]
  revision = "2320a9c15898af1b1b24f99700d5c1e957f9d8cf"

[[projects]]
  name = "golang.org/x/text"
  packages = [
    "collate",
    "collate/build",
    "internal/colltab",
    "internal/gen",
    "internal/tag",
    "internal/triegen",
    "internal/ucd",
    "language",
    "secure/bidirule",
    "transform",
    "unicode/bidi",
    "unicode/cldr",
    "unicode/norm",
    "unicode/rangetable"
  ]
  revision = "1cbadb444a806fd9430d14ad08967ed91da4fa0a"

[[projects]]
  name = "golang.org/x/time"
  packages = ["rate"]
  revision = "8be79e1e0910c292df4e79c241bb7e8f7e725959"

[[projects]]
  name = "golang.org/x/tools"
  packages = [
    "go/gcexportdata",
    "go/gcimporter15",
    "go/types/typeutil",
    "present"
  ]
  revision = "e531a2a1c15f94033f6fa87666caeb19a688175f"

[[projects]]
  name = "google.golang.org/api"
  packages = [
    "cloudtrace/v1",
    "gensupport",
    "googleapi",
    "googleapi/internal/uritemplates",
    "googleapi/transport",
    "internal",
    "iterator",
    "option",
    "support/bundler",
    "transport",
    "transport/grpc",
    "transport/http"
  ]
  revision = "586095a6e4078caf0dc0b64f8545fa8679442013"

[[projects]]
  name = "google.golang.org/appengine"
  packages = [
    ".",
    "aetest",
    "datastore",
    "internal",
    "internal/app_identity",
    "internal/base",
    "internal/datastore",
    "internal/log",
    "internal/memcache",
    "internal/modules",
    "internal/remote_api",
    "internal/search",
    "internal/socket",
    "internal/urlfetch",
    "internal/user",
    "log",
    "memcache",
    "remote_api",
    "search",
    "socket",
    "urlfetch",
    "user"
  ]
  revision = "24e4144ec923c2374f6b06610c0df16a9222c3d9"

[[projects]]
  name = "google.golang.org/genproto"
  packages = [
    "googleapis/api/annotations",
    "googleapis/api/distribution",
    "googleapis/api/label",
    "googleapis/api/metric",
    "googleapis/api/monitoredres",
    "googleapis/logging/type",
    "googleapis/logging/v2",
    "googleapis/rpc/status",
    "protobuf/field_mask"
  ]
  revision = "1e559d0a00eef8a9a43151db4665280bd8dd5886"

[[projects]]
  name = "google.golang.org/grpc"
  packages = [
    ".",
    "balancer",
    "codes",
    "connectivity",
    "credentials",
    "credentials/oauth",
    "grpclb/grpc_lb_v1/messages",
    "grpclog",
    "internal",
    "keepalive",
    "metadata",
    "naming",
    "peer",
    "resolver",
    "stats",
    "status",
    "tap",
    "transport"
  ]
  revision = "d4b75ebd4f9f8c4a2b1cdadbdbe0d7920431ccca"

[[projects]]
  name = "gopkg.in/yaml.v2"
  packages = ["."]
  revision = "eb3733d160e74a9c7e442f435eb3bea458e1d19f"

[solve-meta]
  analyzer-name = "dep"
  analyzer-version = 1
  inputs-digest = "7c699e886859583c499f4d37e1349da109c5f85d8d2b1f95dac82c2e08a0a031"
  solver-name = "gps-cdcl"
  solver-version = 1
